# THIS IS AN AUTOGENERATED FILE. DO NOT EDIT THIS FILE DIRECTLY.
# yarn lockfile v1


"@emotion/hash@^0.6.2":
  version "0.6.6"
  resolved "https://registry.yarnpkg.com/@emotion/hash/-/hash-0.6.6.tgz#62266c5f0eac6941fece302abad69f2ee7e25e44"
  integrity sha512-ojhgxzUHZ7am3D2jHkMzPpsBAiB005GF5YU4ea+8DNPybMk01JJUM9V9YRlF/GE95tcOm8DxQvWA2jq19bGalQ==

"@emotion/is-prop-valid@^0.6.1":
  version "0.6.8"
  resolved "https://registry.yarnpkg.com/@emotion/is-prop-valid/-/is-prop-valid-0.6.8.tgz#68ad02831da41213a2089d2cab4e8ac8b30cbd85"
  integrity sha512-IMSL7ekYhmFlILXcouA6ket3vV7u9BqStlXzbKOF9HBtpUPMMlHU+bBxrLOa2NvleVwNIxeq/zL8LafLbeUXcA==
  dependencies:
    "@emotion/memoize" "^0.6.6"

"@emotion/memoize@^0.6.1", "@emotion/memoize@^0.6.6":
  version "0.6.6"
  resolved "https://registry.yarnpkg.com/@emotion/memoize/-/memoize-0.6.6.tgz#004b98298d04c7ca3b4f50ca2035d4f60d2eed1b"
  integrity sha512-h4t4jFjtm1YV7UirAFuSuFGyLa+NNxjdkq6DpFLANNQY5rHueFZHVY+8Cu1HYVP6DrheB0kv4m5xPjo7eKT7yQ==

"@emotion/stylis@^0.7.0":
  version "0.7.1"
  resolved "https://registry.yarnpkg.com/@emotion/stylis/-/stylis-0.7.1.tgz#50f63225e712d99e2b2b39c19c70fff023793ca5"
  integrity sha512-/SLmSIkN13M//53TtNxgxo57mcJk/UJIDFRKwOiLIBEyBHEcipgR6hNMQ/59Sl4VjCJ0Z/3zeAZyvnSLPG/1HQ==

"@emotion/unitless@^0.6.2":
  version "0.6.7"
  resolved "https://registry.yarnpkg.com/@emotion/unitless/-/unitless-0.6.7.tgz#53e9f1892f725b194d5e6a1684a7b394df592397"
  integrity sha512-Arj1hncvEVqQ2p7Ega08uHLr1JuRYBuO5cIvcA+WWEQ5+VmkOE3ZXzl04NbQxeQpWX78G7u6MqxKuNX3wvYZxg==

"@next/env@13.0.2":
  version "13.0.2"
  resolved "https://registry.yarnpkg.com/@next/env/-/env-13.0.2.tgz#5fbd7b4146175ae406edfb4a38b62de8c880c09d"
  integrity sha512-Qb6WPuRriGIQ19qd6NBxpcrFOfj8ziN7l9eZUfwff5gl4zLXluqtuZPddYZM/oWjN53ZYcuRXzL+oowKyJeYtA==

"@next/swc-android-arm-eabi@13.0.2":
  version "13.0.2"
  resolved "https://registry.yarnpkg.com/@next/swc-android-arm-eabi/-/swc-android-arm-eabi-13.0.2.tgz#66669b8aab5062f554b8e9905d855679aabf0342"
  integrity sha512-X54UQCTFyOGnJP//Z71dPPlp4BCYcQL2ncikKXQcPzVpqPs4C3m+tKC8ivBNH6edAXkppwsLRz1/yQwgSZ9Swg==

"@next/swc-android-arm64@13.0.2":
  version "13.0.2"
  resolved "https://registry.yarnpkg.com/@next/swc-android-arm64/-/swc-android-arm64-13.0.2.tgz#c0641d30525e0fb22bf1e2baf6c461d2d9e52f1a"
  integrity sha512-1P00Kv8uKaLubqo7JzPrTqgFAzSOmfb8iwqJrOb9in5IvTRtNGlkR4hU0sXzqbQNM/+SaYxze6Z5ry1IDyb/cQ==

"@next/swc-darwin-arm64@13.0.2":
  version "13.0.2"
  resolved "https://registry.yarnpkg.com/@next/swc-darwin-arm64/-/swc-darwin-arm64-13.0.2.tgz#d7e01a33393e83456dbfdc41446bb8a923968ff7"
  integrity sha512-1zGIOkInkOLRv0QQGZ+3wffYsyKI4vIy62LYTvDWUn7TAYqnmXwougp9NSLqDeagLwgsv2URrykyAFixA/YqxA==

"@next/swc-darwin-x64@13.0.2":
  version "13.0.2"
  resolved "https://registry.yarnpkg.com/@next/swc-darwin-x64/-/swc-darwin-x64-13.0.2.tgz#d4a3fbe51edf871a675d89a7afdc78174d1e5841"
  integrity sha512-ECDAjoMP1Y90cARaelS6X+k6BQx+MikAYJ8f/eaJrLur44NIOYc9HA/dgcTp5jenguY4yT8V+HCquLjAVle6fA==

"@next/swc-freebsd-x64@13.0.2":
  version "13.0.2"
  resolved "https://registry.yarnpkg.com/@next/swc-freebsd-x64/-/swc-freebsd-x64-13.0.2.tgz#1b54c3f38d3b36f86663a8dfcc81ea05e01f5172"
  integrity sha512-2DcL/ofQdBnQX3IoI9sjlIAyLCD1oZoUBuhrhWbejvBQjutWrI0JTEv9uG69WcxWhVMm3BCsjv8GK2/68OKp7A==

"@next/swc-linux-arm-gnueabihf@13.0.2":
  version "13.0.2"
  resolved "https://registry.yarnpkg.com/@next/swc-linux-arm-gnueabihf/-/swc-linux-arm-gnueabihf-13.0.2.tgz#18495cff32c0b2182cfbf677614219d7072214da"
  integrity sha512-Y3OQF1CSBSWW2vGkmvOIuOUNqOq8qX7f1ZpcKUVWP3/Uq++DZmVi9d18lgnSe1I3QFqc+nXWyun9ljsN83j0sw==

"@next/swc-linux-arm64-gnu@13.0.2":
  version "13.0.2"
  resolved "https://registry.yarnpkg.com/@next/swc-linux-arm64-gnu/-/swc-linux-arm64-gnu-13.0.2.tgz#5fb2563651166c3c6f32bf9e2f9cc6a16a9ef783"
  integrity sha512-mNyzwsFF6kwZYEjnGicx9ksDZYEZvyzEc1BtCu8vdZi/v8UeixQwCiAT6FyYX9uxMPEkzk8qiU0t0u9gvltsKw==

"@next/swc-linux-arm64-musl@13.0.2":
  version "13.0.2"
  resolved "https://registry.yarnpkg.com/@next/swc-linux-arm64-musl/-/swc-linux-arm64-musl-13.0.2.tgz#b9f33c5e17cfe04aa5769b717284cf80865761e6"
  integrity sha512-M6SdYjWgRrY3tJBxz0663zCRPTu5BRONmxlftKWWHv9LjAJ59neTLaGj4rp0A08DkJglZIoCkLOzLrzST6TGag==

"@next/swc-linux-x64-gnu@13.0.2":
  version "13.0.2"
  resolved "https://registry.yarnpkg.com/@next/swc-linux-x64-gnu/-/swc-linux-x64-gnu-13.0.2.tgz#29efcc2fd0122689d7e06c5b6b0883fe495db2bf"
  integrity sha512-pi63RoxvG4ES1KS06Zpm0MATVIXTs/TIbLbdckeLoM40u1d3mQl/+hSSrLRSxzc2OtyL8fh92sM4gkJrQXAMAw==

"@next/swc-linux-x64-musl@13.0.2":
  version "13.0.2"
  resolved "https://registry.yarnpkg.com/@next/swc-linux-x64-musl/-/swc-linux-x64-musl-13.0.2.tgz#d68fdf6eefc57813fa91559c7089b49d6131ecab"
  integrity sha512-9Pv91gfYnDONgjtRm78n64b/c54+azeHtlnqBLTnIFWSMBDRl1/WDkhKWIj3fBGPLimtK7Tko3ULR3og9RRUPw==

"@next/swc-win32-arm64-msvc@13.0.2":
  version "13.0.2"
  resolved "https://registry.yarnpkg.com/@next/swc-win32-arm64-msvc/-/swc-win32-arm64-msvc-13.0.2.tgz#acdcb3023045f60cca510f659a2349895e6405bd"
  integrity sha512-Nvewe6YZaizAkGHHprbMkYqQulBjZCHKBGKeFPwoPtOA+a2Qi4pZzc/qXFyC5/2A6Z0mr2U1zg9rd04WBYMwBw==

"@next/swc-win32-ia32-msvc@13.0.2":
  version "13.0.2"
  resolved "https://registry.yarnpkg.com/@next/swc-win32-ia32-msvc/-/swc-win32-ia32-msvc-13.0.2.tgz#a78ee9211471768febac9df915c2a8dbbcd05e41"
  integrity sha512-ZUBYGZw5G3QrqDpRq1EWi3aHmvPZM8ijK5TFL6UbH16cYQ0JpANmuG2P66KB93Qe/lWWzbeAZk/tj1XqwoCuPA==

"@next/swc-win32-x64-msvc@13.0.2":
  version "13.0.2"
  resolved "https://registry.yarnpkg.com/@next/swc-win32-x64-msvc/-/swc-win32-x64-msvc-13.0.2.tgz#e86c2de910cd68a17974db5556d4588737412c68"
  integrity sha512-fA9uW1dm7C0mEYGcKlbmLcVm2sKcye+1kPxh2cM4jVR+kQQMtHWsjIzeSpe2grQLSDan06z4n6hbr8b1c3hA8w==

"@swc/helpers@0.4.11":
  version "0.4.11"
  resolved "https://registry.yarnpkg.com/@swc/helpers/-/helpers-0.4.11.tgz#db23a376761b3d31c26502122f349a21b592c8de"
  integrity sha512-rEUrBSGIoSFuYxwBYtlUFMlE2CwGhmW+w9355/5oduSw8e5h2+Tj4UrAGNNgP9915++wj5vkQo0UuOBqOAq4nw==
  dependencies:
    tslib "^2.4.0"

"@typeform/embed@^0.7.0":
  version "0.7.1"
  resolved "https://registry.yarnpkg.com/@typeform/embed/-/embed-0.7.1.tgz#ac08a874303fbed9bc5c41c727177c02d211a160"
  integrity sha512-nQjLcUR+iqAEk1M1eYO3hXsXBCgB576SZmzd2x0aBwgUR49zwPOAczgv/BArLhucwxxnBOjYCr7u6pEeqH8ZqQ==
  dependencies:
    classnames "^2.2.5"
    create-emotion "^9.0.2"
    create-emotion-styled "^9.0.1"
    custom-event "^1.0.1"
    fetch-jsonp "^1.0.6"
    is-url "^1.2.2"
    preact "^8.2.7"
    preact-compat "^3.15.0"
    prop-types "^15.5.10"
    scrollbar-width "^3.1.1"
    spin.js "^2.3.2"
    tinycolor2 "^1.4.1"
    url-parse "^1.1.7"
    webfontloader "^1.6.27"

"@webcomponents/webcomponentsjs@^2.2.7":
  version "2.7.0"
  resolved "https://registry.yarnpkg.com/@webcomponents/webcomponentsjs/-/webcomponentsjs-2.7.0.tgz#8a87aeaaa0757c95eae0e07dd45f3050d1f8be01"
  integrity sha512-j161Z9oiy8k74vchdrQGihfSp7QulrTclCUiPo0D7JF6/RjpXAmB0ThlTAFlSElkgqg0vdFgNAXaX9ZHZy25wQ==

caniuse-lite@^1.0.30001406:
  version "1.0.30001431"
  resolved "https://registry.yarnpkg.com/caniuse-lite/-/caniuse-lite-1.0.30001431.tgz#e7c59bd1bc518fae03a4656be442ce6c4887a795"
  integrity sha512-zBUoFU0ZcxpvSt9IU66dXVT/3ctO1cy4y9cscs1szkPlcWb6pasYM144GqrUygUbT+k7cmUCW61cvskjcv0enQ==

classnames@^2.2.5:
  version "2.3.2"
  resolved "https://registry.yarnpkg.com/classnames/-/classnames-2.3.2.tgz#351d813bf0137fcc6a76a16b88208d2560a0d924"
  integrity sha512-CSbhY4cFEJRe6/GQzIk5qXZ4Jeg5pcsP7b5peFSDpffpe1cqjASH/n9UTjBwOp6XpMSTwQ8Za2K5V02ueA7Tmw==

client-only@0.0.1:
  version "0.0.1"
  resolved "https://registry.yarnpkg.com/client-only/-/client-only-0.0.1.tgz#38bba5d403c41ab150bff64a95c85013cf73bca1"
  integrity sha512-IV3Ou0jSMzZrd3pZ48nLkT9DA7Ag1pnPzaiQhpW7c3RbcqqzvzzVu+L8gfqMp/8IM2MQtSiqaCxrrcfu8I8rMA==

create-emotion-styled@^9.0.1:
  version "9.2.8"
  resolved "https://registry.yarnpkg.com/create-emotion-styled/-/create-emotion-styled-9.2.8.tgz#c0050e768ba439609bec108600467adf2de67cc3"
  integrity sha512-2LrNM5MREWzI5hZK+LyiBHglwE18WE3AEbBQgpHQ1+zmyLSm/dJsUZBeFAwuIMb+TjNZP0KsMZlV776ufOtFdg==
  dependencies:
    "@emotion/is-prop-valid" "^0.6.1"

create-emotion@^9.0.2:
  version "9.2.12"
  resolved "https://registry.yarnpkg.com/create-emotion/-/create-emotion-9.2.12.tgz#0fc8e7f92c4f8bb924b0fef6781f66b1d07cb26f"
  integrity sha512-P57uOF9NL2y98Xrbl2OuiDQUZ30GVmASsv5fbsjF4Hlraip2kyAvMm+2PoYUvFFw03Fhgtxk3RqZSm2/qHL9hA==
  dependencies:
    "@emotion/hash" "^0.6.2"
    "@emotion/memoize" "^0.6.1"
    "@emotion/stylis" "^0.7.0"
    "@emotion/unitless" "^0.6.2"
    csstype "^2.5.2"
    stylis "^3.5.0"
    stylis-rule-sheet "^0.0.10"

csstype@^2.5.2:
  version "2.6.21"
  resolved "https://registry.yarnpkg.com/csstype/-/csstype-2.6.21.tgz#2efb85b7cc55c80017c66a5ad7cbd931fda3a90e"
  integrity sha512-Z1PhmomIfypOpoMjRQB70jfvy/wxT50qW08YXO5lMIJkrdq4yOTR+AW7FqutScmB9NkLwxo+jU+kZLbofZZq/w==

custom-event@^1.0.1:
  version "1.0.1"
  resolved "https://registry.yarnpkg.com/custom-event/-/custom-event-1.0.1.tgz#5d02a46850adf1b4a317946a3928fccb5bfd0425"
  integrity sha512-GAj5FOq0Hd+RsCGVJxZuKaIDXDf3h6GQoNEjFgbLLI/trgtavwUbSnZ5pVfg27DVCaWjIohryS0JFwIJyT2cMg==

fetch-jsonp@^1.0.6:
  version "1.2.3"
  resolved "https://registry.yarnpkg.com/fetch-jsonp/-/fetch-jsonp-1.2.3.tgz#ae99a867095cb1ce5c39fac601d70d1084db122f"
  integrity sha512-C13k1o7R9JTN1wmhKkrW5bU/00LwixXnkufQUR6Rbf4KCS0i8mycQaovt4WVbHnA2NKgi7Ryp9Whpy/CGcij6Q==

immutability-helper@^2.7.1:
  version "2.9.1"
  resolved "https://registry.yarnpkg.com/immutability-helper/-/immutability-helper-2.9.1.tgz#71c423ba387e67b6c6ceba0650572f2a2a6727df"
  integrity sha512-r/RmRG8xO06s/k+PIaif2r5rGc3j4Yhc01jSBfwPCXDLYZwp/yxralI37Df1mwmuzcCsen/E/ITKcTEvc1PQmQ==
  dependencies:
    invariant "^2.2.0"

intersection-observer@^0.5.1:
  version "0.5.1"
  resolved "https://registry.yarnpkg.com/intersection-observer/-/intersection-observer-0.5.1.tgz#e340fc56ce74290fe2b2394d1ce88c4353ac6dfa"
  integrity sha512-Zd7Plneq82kiXFixs7bX62YnuZ0BMRci9br7io88LwDyF3V43cQMI+G5IiTlTNTt+LsDUppl19J/M2Fp9UkH6g==

invariant@^2.2.0:
  version "2.2.4"
  resolved "https://registry.yarnpkg.com/invariant/-/invariant-2.2.4.tgz#610f3c92c9359ce1db616e538008d23ff35158e6"
  integrity sha512-phJfQVBuaJM5raOpJjSfkiD6BpbCE4Ns//LaXl6wGYtUBY83nWS6Rf9tXm2e8VaK60JEjYldbPif/A2B1C2gNA==
  dependencies:
    loose-envify "^1.0.0"

is-url@^1.2.2:
  version "1.2.4"
  resolved "https://registry.yarnpkg.com/is-url/-/is-url-1.2.4.tgz#04a4df46d28c4cff3d73d01ff06abeb318a1aa52"
  integrity sha512-ITvGim8FhRiYe4IQ5uHSkj7pVaPDrCTkNd3yq3cV7iZAcJdHTUMPMEHcqSOy9xZ9qFenQCvi+2wjH9a1nXqHww==

"js-tokens@^3.0.0 || ^4.0.0":
  version "4.0.0"
  resolved "https://registry.yarnpkg.com/js-tokens/-/js-tokens-4.0.0.tgz#19203fb59991df98e3a287050d4647cdeaf32499"
  integrity sha512-RdJUflcE3cUzKiMqQgsCu06FPu9UdIJO0beYbPhHN4k6apgJtifcoCtT9bcxOpYBtpD2kCM6Sbzg4CausW/PKQ==

lit-element@^2.1.0:
  version "2.5.1"
  resolved "https://registry.yarnpkg.com/lit-element/-/lit-element-2.5.1.tgz#3fa74b121a6cd22902409ae3859b7847d01aa6b6"
  integrity sha512-ogu7PiJTA33bEK0xGu1dmaX5vhcRjBXCFexPja0e7P7jqLhTpNKYRPmE+GmiCaRVAbiQKGkUgkh/i6+bh++dPQ==
  dependencies:
    lit-html "^1.1.1"

lit-html@^1.1.1:
  version "1.4.1"
  resolved "https://registry.yarnpkg.com/lit-html/-/lit-html-1.4.1.tgz#0c6f3ee4ad4eb610a49831787f0478ad8e9ae5e0"
  integrity sha512-B9btcSgPYb1q4oSOb/PrOT6Z/H+r6xuNzfH4lFli/AWhYwdtrgQkQWBbIc6mdnf6E2IL3gDXdkkqNktpU0OZQA==

loose-envify@^1.0.0, loose-envify@^1.1.0, loose-envify@^1.4.0:
  version "1.4.0"
  resolved "https://registry.yarnpkg.com/loose-envify/-/loose-envify-1.4.0.tgz#71ee51fa7be4caec1a63839f7e682d8132d30caf"
  integrity sha512-lyuxPGr/Wfhrlem2CL/UcnUc1zcqKAImBDzukY7Y5F/yQiNdko6+fRLevlw1HgMySw7f611UIY408EtxRSoK3Q==
  dependencies:
    js-tokens "^3.0.0 || ^4.0.0"

nanoid@^3.3.4:
  version "3.3.4"
  resolved "https://registry.yarnpkg.com/nanoid/-/nanoid-3.3.4.tgz#730b67e3cd09e2deacf03c027c81c9d9dbc5e8ab"
  integrity sha512-MqBkQh/OHTS2egovRtLk45wEyNXwF+cokD+1YPf9u5VfJiRdAiRwB2froX5Co9Rh20xs4siNPm8naNotSD6RBw==

next@^13.0.2:
  version "13.0.2"
  resolved "https://registry.yarnpkg.com/next/-/next-13.0.2.tgz#b8c8642c70f736ed91105645391d335fc51c8f62"
  integrity sha512-uQ5z5e4D9mOe8+upy6bQdYYjo/kk1v3jMW87kTy2TgAyAsEO+CkwRnMgyZ4JoHEnhPZLHwh7dk0XymRNLe1gFw==
  dependencies:
    "@next/env" "13.0.2"
    "@swc/helpers" "0.4.11"
    caniuse-lite "^1.0.30001406"
    postcss "8.4.14"
    styled-jsx "5.1.0"
    use-sync-external-store "1.2.0"
  optionalDependencies:
    "@next/swc-android-arm-eabi" "13.0.2"
    "@next/swc-android-arm64" "13.0.2"
    "@next/swc-darwin-arm64" "13.0.2"
    "@next/swc-darwin-x64" "13.0.2"
    "@next/swc-freebsd-x64" "13.0.2"
    "@next/swc-linux-arm-gnueabihf" "13.0.2"
    "@next/swc-linux-arm64-gnu" "13.0.2"
    "@next/swc-linux-arm64-musl" "13.0.2"
    "@next/swc-linux-x64-gnu" "13.0.2"
    "@next/swc-linux-x64-musl" "13.0.2"
    "@next/swc-win32-arm64-msvc" "13.0.2"
    "@next/swc-win32-ia32-msvc" "13.0.2"
    "@next/swc-win32-x64-msvc" "13.0.2"

object-assign@^4.1.1:
  version "4.1.1"
  resolved "https://registry.yarnpkg.com/object-assign/-/object-assign-4.1.1.tgz#2109adc7965887cfc05cbbd442cac8bfbb360863"
  integrity sha1-IQmtx5ZYh8/AXLvUQsrIv7s2CGM=

picocolors@^1.0.0:
  version "1.0.0"
  resolved "https://registry.yarnpkg.com/picocolors/-/picocolors-1.0.0.tgz#cb5bdc74ff3f51892236eaf79d68bc44564ab81c"
  integrity sha512-1fygroTLlHu66zi26VoTDv8yRgm0Fccecssto+MhsZ0D/DGW2sm8E8AjW7NU5VVTRt5GxbeZ5qBuJr+HyLYkjQ==

postcss@8.4.14:
  version "8.4.14"
  resolved "https://registry.yarnpkg.com/postcss/-/postcss-8.4.14.tgz#ee9274d5622b4858c1007a74d76e42e56fd21caf"
  integrity sha512-E398TUmfAYFPBSdzgeieK2Y1+1cpdxJx8yXbK/m57nRhKSmk1GB2tO4lbLBtlkfPQTDKfe4Xqv1ASWPpayPEig==
  dependencies:
    nanoid "^3.3.4"
    picocolors "^1.0.0"
    source-map-js "^1.0.2"

preact-compat@^3.15.0:
  version "3.19.0"
  resolved "https://registry.yarnpkg.com/preact-compat/-/preact-compat-3.19.0.tgz#a71457b6a3bf051690a4411603bc2085aa061c2f"
  integrity sha512-f83A4hIhH8Uzhb9GbIcGk8SM19ffWlwP9mDaYwQdRnMdekZwcCA7eIAbeV4EMQaV9C0Yuy8iKgBAtyTKPZQt/Q==
  dependencies:
    immutability-helper "^2.7.1"
    preact-context "^1.1.3"
    preact-render-to-string "^3.8.2"
    preact-transition-group "^1.1.1"
    prop-types "^15.6.2"
    standalone-react-addons-pure-render-mixin "^0.1.1"

preact-context@^1.1.3:
  version "1.1.4"
  resolved "https://registry.yarnpkg.com/preact-context/-/preact-context-1.1.4.tgz#866ebd35bef5788f73fc453f06f01b03ddf8f4ff"
  integrity sha512-gcCjPJ65R0MiW9hDu8W/3WAmyTElIvwLyEO6oLQiM6/TbLKLxCpBCWV8GJjx52TTEyUr60HLDcmoCXZlslelzQ==

preact-render-to-string@^3.8.2:
  version "3.8.2"
  resolved "https://registry.yarnpkg.com/preact-render-to-string/-/preact-render-to-string-3.8.2.tgz#bd72964d705a57da3a9e72098acaa073dd3ceff9"
  integrity sha512-przuZPajiurStGgxMoJP0EJeC4xj5CgHv+M7GfF3YxAdhGgEWAkhOSE0xympAFN20uMayntBZpttIZqqLl77fw==
  dependencies:
    pretty-format "^3.5.1"

preact-transition-group@^1.1.1:
  version "1.1.1"
  resolved "https://registry.yarnpkg.com/preact-transition-group/-/preact-transition-group-1.1.1.tgz#f0a49327ea515ece34ea2be864c4a7d29e5d6e10"
  integrity sha512-v89XLodCvylf5lMrhI+LqIhDsAjWfiDKV4keAU+L5yDtxmqn8uvjZXn+haKMEG0x0PZz81own19SuNJD5NlOFQ==

preact@^8.2.7:
  version "8.5.3"
  resolved "https://registry.yarnpkg.com/preact/-/preact-8.5.3.tgz#78c2a5562fcecb1fed1d0055fa4ac1e27bde17c1"
  integrity sha512-O3kKP+1YdgqHOFsZF2a9JVdtqD+RPzCQc3rP+Ualf7V6rmRDchZ9MJbiGTT7LuyqFKZqlHSOyO/oMFmI2lVTsw==

pretty-format@^3.5.1:
  version "3.8.0"
  resolved "https://registry.yarnpkg.com/pretty-format/-/pretty-format-3.8.0.tgz#bfbed56d5e9a776645f4b1ff7aa1a3ac4fa3c385"
  integrity sha512-WuxUnVtlWL1OfZFQFuqvnvs6MiAGk9UNsBostyBOB0Is9wb5uRESevA6rnl/rkksXaGX3GzZhPup5d6Vp1nFew==

prop-types@^15.5.10, prop-types@^15.7.2:
  version "15.8.1"
  resolved "https://registry.yarnpkg.com/prop-types/-/prop-types-15.8.1.tgz#67d87bf1a694f48435cf332c24af10214a3140b5"
  integrity sha512-oj87CgZICdulUohogVAR7AjlC0327U4el4L6eAvOqCeudMDVU0NThNaV+b9Df4dXgSP1gXMTnPdhfe/2qDH5cg==
  dependencies:
    loose-envify "^1.4.0"
    object-assign "^4.1.1"
    react-is "^16.13.1"

prop-types@^15.6.2:
  version "15.7.2"
  resolved "https://registry.yarnpkg.com/prop-types/-/prop-types-15.7.2.tgz#52c41e75b8c87e72b9d9360e0206b99dcbffa6c5"
  integrity sha512-8QQikdH7//R2vurIJSutZ1smHYTcLpRWEOlHnzcWHmBYrOGUysKwSsrC89BCiFj3CbrfJ/nXFdJepOVrY1GCHQ==
  dependencies:
    loose-envify "^1.4.0"
    object-assign "^4.1.1"
    react-is "^16.8.1"

querystringify@^2.1.1:
  version "2.2.0"
  resolved "https://registry.yarnpkg.com/querystringify/-/querystringify-2.2.0.tgz#3345941b4153cb9d082d8eee4cda2016a9aef7f6"
  integrity sha512-FIqgj2EUvTa7R50u0rGsyTftzjYmv/a3hO345bZNrqabNqjtgiDMgmo4mkUjd+nzU5oF3dClKqFIPUKybUyqoQ==

react-dom@^16.7.0:
  version "16.8.3"
  resolved "https://registry.yarnpkg.com/react-dom/-/react-dom-16.8.3.tgz#ae236029e66210783ac81999d3015dfc475b9c32"
  integrity sha512-ttMem9yJL4/lpItZAQ2NTFAbV7frotHk5DZEHXUOws2rMmrsvh1Na7ThGT0dTzUIl6pqTOi5tYREfL8AEna3lA==
  dependencies:
    loose-envify "^1.1.0"
    object-assign "^4.1.1"
    prop-types "^15.6.2"
    scheduler "^0.13.3"

react-is@^16.13.1:
  version "16.13.1"
  resolved "https://registry.yarnpkg.com/react-is/-/react-is-16.13.1.tgz#789729a4dc36de2999dc156dd6c1d9c18cea56a4"
  integrity sha512-24e6ynE2H+OKt4kqsOvNd8kBpV65zoxbA4BVsEOB3ARVWQki/DHzaUoC5KuON/BiccDaCCTZBuOcfZs70kR8bQ==

react-is@^16.8.1:
  version "16.8.3"
  resolved "https://registry.yarnpkg.com/react-is/-/react-is-16.8.3.tgz#4ad8b029c2a718fc0cfc746c8d4e1b7221e5387d"
  integrity sha512-Y4rC1ZJmsxxkkPuMLwvKvlL1Zfpbcu+Bf4ZigkHup3v9EfdYhAlWAaVyA19olXq2o2mGn0w+dFKvk3pVVlYcIA==

react-simple-animate@^2.5.0:
  version "2.6.4"
  resolved "https://registry.yarnpkg.com/react-simple-animate/-/react-simple-animate-2.6.4.tgz#6a6fd5d52801c0a52873204dfb236c778d781262"
  integrity sha512-Jj6hVRJbb+OrEOv/yviuIoacQCDOI7hMOXOMZ5pF/rlD7iK8U4F98bta1MgN7PrSXBYHq2Yt7+bhGMxj5pr5XA==

react-simple-img@1.13.0:
  version "1.13.0"
  resolved "https://registry.yarnpkg.com/react-simple-img/-/react-simple-img-1.13.0.tgz#48944e7a07a5ef92e8a81a48c4d8d01cac54102e"
  integrity sha512-7iRhWKFfJe3k2IlAFG20VxC0UCg7Y6vtQlO3BZMDe6j/KKMRvO9eIp3fFdqNfBgIJgWApr4ENvy1if4qAT2HvA==
  dependencies:
    intersection-observer "^0.5.1"
    react-simple-animate "^2.5.0"

react@^16.7.0:
  version "16.8.3"
  resolved "https://registry.yarnpkg.com/react/-/react-16.8.3.tgz#c6f988a2ce895375de216edcfaedd6b9a76451d9"
  integrity sha512-3UoSIsEq8yTJuSu0luO1QQWYbgGEILm+eJl2QN/VLDi7hL+EN18M3q3oVZwmVzzBJ3DkM7RMdRwBmZZ+b4IzSA==
  dependencies:
    loose-envify "^1.1.0"
    object-assign "^4.1.1"
    prop-types "^15.6.2"
    scheduler "^0.13.3"

requires-port@^1.0.0:
  version "1.0.0"
  resolved "https://registry.yarnpkg.com/requires-port/-/requires-port-1.0.0.tgz#925d2601d39ac485e091cf0da5c6e694dc3dcaff"
  integrity sha512-KigOCHcocU3XODJxsu8i/j8T9tzT4adHiecwORRQ0ZZFcp7ahwXuRU1m+yuO90C5ZUyGeGfocHDI14M3L3yDAQ==

scheduler@^0.13.3:
  version "0.13.3"
  resolved "https://registry.yarnpkg.com/scheduler/-/scheduler-0.13.3.tgz#bed3c5850f62ea9c716a4d781f9daeb9b2a58896"
  integrity sha512-UxN5QRYWtpR1egNWzJcVLk8jlegxAugswQc984lD3kU7NuobsO37/sRfbpTdBjtnD5TBNFA2Q2oLV5+UmPSmEQ==
  dependencies:
    loose-envify "^1.1.0"
    object-assign "^4.1.1"

scrollbar-width@^3.1.1:
  version "3.1.1"
  resolved "https://registry.yarnpkg.com/scrollbar-width/-/scrollbar-width-3.1.1.tgz#c62e63efa5934dac37b43da34f7550caca8444a2"
  integrity sha512-Su/GI7QvHWgf2SUvbuSWaX+gM0szvEzsatke6fSM2rM9slznLpLiYC4bzCtueEJQ1iakfQkduBvku9Wgtmx1NQ==

source-map-js@^1.0.2:
  version "1.0.2"
  resolved "https://registry.yarnpkg.com/source-map-js/-/source-map-js-1.0.2.tgz#adbc361d9c62df380125e7f161f71c826f1e490c"
  integrity sha512-R0XvVJ9WusLiqTCEiGCmICCMplcCkIwwR11mOSD9CR5u+IXYdiseeEuXCVAjS54zqwkLcPNnmU4OeJ6tUrWhDw==

spin.js@^2.3.2:
  version "2.3.2"
  resolved "https://registry.yarnpkg.com/spin.js/-/spin.js-2.3.2.tgz#6caa56d520673450fd5cfbc6971e6d0772c37a1a"
  integrity sha512-ryhCvKCRa6J5Fxa7Y+fnhE2a+e05JwfW5dxO82zPd0uDM9o+qp8p74BJUurjiqCqmDsWNvGOAxfqdD317XIedg==

standalone-react-addons-pure-render-mixin@^0.1.1:
  version "0.1.1"
  resolved "https://registry.yarnpkg.com/standalone-react-addons-pure-render-mixin/-/standalone-react-addons-pure-render-mixin-0.1.1.tgz#3c7409f4c79c40de9ac72c616cf679a994f37551"
  integrity sha512-HFkwqpJmvz4vxHyzdeUcjtsp8Am+NauLXdU2/YXT1/InPbszaRo1cLPAy/58H7oOPNNjteqHcv04JEw+d9C+Xw==

styled-jsx@5.1.0:
  version "5.1.0"
  resolved "https://registry.yarnpkg.com/styled-jsx/-/styled-jsx-5.1.0.tgz#4a5622ab9714bd3fcfaeec292aa555871f057563"
  integrity sha512-/iHaRJt9U7T+5tp6TRelLnqBqiaIT0HsO0+vgyj8hK2KUk7aejFqRrumqPUlAqDwAj8IbS/1hk3IhBAAK/FCUQ==
  dependencies:
    client-only "0.0.1"

stylis-rule-sheet@^0.0.10:
  version "0.0.10"
  resolved "https://registry.yarnpkg.com/stylis-rule-sheet/-/stylis-rule-sheet-0.0.10.tgz#44e64a2b076643f4b52e5ff71efc04d8c3c4a430"
  integrity sha512-nTbZoaqoBnmK+ptANthb10ZRZOGC+EmTLLUxeYIuHNkEKcmKgXX1XWKkUBT2Ac4es3NybooPe0SmvKdhKJZAuw==

stylis@^3.5.0:
  version "3.5.4"
  resolved "https://registry.yarnpkg.com/stylis/-/stylis-3.5.4.tgz#f665f25f5e299cf3d64654ab949a57c768b73fbe"
  integrity sha512-8/3pSmthWM7lsPBKv7NXkzn2Uc9W7NotcwGNpJaa3k7WMM1XDCA4MgT5k/8BIexd5ydZdboXtU90XH9Ec4Bv/Q==

tinycolor2@^1.4.1:
  version "1.4.2"
  resolved "https://registry.yarnpkg.com/tinycolor2/-/tinycolor2-1.4.2.tgz#3f6a4d1071ad07676d7fa472e1fac40a719d8803"
  integrity sha512-vJhccZPs965sV/L2sU4oRQVAos0pQXwsvTLkWYdqJ+a8Q5kPFzJTuOFwy7UniPli44NKQGAglksjvOcpo95aZA==

tslib@^2.4.0:
  version "2.4.1"
  resolved "https://registry.yarnpkg.com/tslib/-/tslib-2.4.1.tgz#0d0bfbaac2880b91e22df0768e55be9753a5b17e"
  integrity sha512-tGyy4dAjRIEwI7BzsB0lynWgOpfqjUdq91XXAlIWD2OwKBH7oCl/GZG/HT4BOHrTlPMOASlMQ7veyTqpmRcrNA==

typeform-elements@^0.2.2:
  version "0.2.2"
  resolved "https://registry.yarnpkg.com/typeform-elements/-/typeform-elements-0.2.2.tgz#c4101711c674088598c7b97811e5a5ab0078a2a5"
  integrity sha512-WYMvkFP11MJ1Lfwu1TGmdNT2VF8KPbeA7vbN0FMp8P5rvmbHnLlp0jrxYr3J1zLU+U25RzJfyWldTlNQhsRA/Q==
  dependencies:
    "@typeform/embed" "^0.7.0"
    "@webcomponents/webcomponentsjs" "^2.2.7"
    lit-element "^2.1.0"

url-parse@^1.1.7:
  version "1.5.10"
  resolved "https://registry.yarnpkg.com/url-parse/-/url-parse-1.5.10.tgz#9d3c2f736c1d75dd3bd2be507dcc111f1e2ea9c1"
  integrity sha512-WypcfiRhfeUP9vvF0j6rw0J3hrWrw6iZv3+22h6iRMJ/8z1Tj6XfLP4DsUix5MhMPnXpiHDoKyoZ/bdCkwBCiQ==
  dependencies:
    querystringify "^2.1.1"
    requires-port "^1.0.0"

use-sync-external-store@1.2.0:
  version "1.2.0"
  resolved "https://registry.yarnpkg.com/use-sync-external-store/-/use-sync-external-store-1.2.0.tgz#7dbefd6ef3fe4e767a0cf5d7287aacfb5846928a"
  integrity sha512-eEgnFxGQ1Ife9bzYs6VLi8/4X6CObHMw9Qr9tPY43iKwsPw8xE8+EFsf/2cFZ5S3esXgpWgtSCtLNS41F+sKPA==

webfontloader@^1.6.27:
  version "1.6.28"
  resolved "https://registry.yarnpkg.com/webfontloader/-/webfontloader-1.6.28.tgz#db786129253cb6e8eae54c2fb05f870af6675bae"
  integrity sha512-Egb0oFEga6f+nSgasH3E0M405Pzn6y3/9tOVanv/DLfa1YBIgcv90L18YyWnvXkRbIM17v5Kv6IT2N6g1x5tvQ==
